<?xml version="1.0" encoding="utf-8"?>
<Project ToolsVersion="4.0" xmlns="http://schemas.microsoft.com/developer/msbuild/2003">
  <ItemGroup>
    <ClCompile Include="src\connection.cpp">
      <Filter>Source Files</Filter>
    </ClCompile>
    <ClCompile Include="src\io_service_pool.cpp">
      <Filter>Source Files</Filter>
    </ClCompile>
    <ClCompile Include="src\login_moudle.cpp">
      <Filter>Source Files</Filter>
    </ClCompile>
    <ClCompile Include="src\main.cpp">
      <Filter>Source Files</Filter>
    </ClCompile>
    <ClCompile Include="src\server.cpp">
      <Filter>Source Files</Filter>
    </ClCompile>
    <ClCompile Include="generated_proto\message.pb.cc">
      <Filter>Source Files</Filter>
    </ClCompile>
    <ClCompile Include="generated_proto\old.pb.cc">
      <Filter>Header Files</Filter>
    </ClCompile>
    <ClCompile Include="generated_proto\user.pb.cc">
      <Filter>Source Files</Filter>
    </ClCompile>
  </ItemGroup>
  <ItemGroup>
    <ClInclude Include="include\connection.hpp">
      <Filter>Header Files</Filter>
    </ClInclude>
    <ClInclude Include="include\io_service_pool.hpp">
      <Filter>Header Files</Filter>
    </ClInclude>
    <ClInclude Include="include\login_moudle.hpp">
      <Filter>Header Files</Filter>
    </ClInclude>
    <ClInclude Include="include\serialization.hpp">
      <Filter>Header Files</Filter>
    </ClInclude>
    <ClInclude Include="include\server.hpp">
      <Filter>Header Files</Filter>
    </ClInclude>
    <ClInclude Include="include\logging.hpp">
      <Filter>Header Files</Filter>
    </ClInclude>
    <ClInclude Include="generated_proto\message.pb.h">
      <Filter>Header Files</Filter>
    </ClInclude>
    <ClInclude Include="generated_proto\old.pb.h">
      <Filter>Header Files</Filter>
    </ClInclude>
    <ClInclude Include="generated_proto\user.pb.h">
      <Filter>Header Files</Filter>
    </ClInclude>
  </ItemGroup>
  <ItemGroup>
    <Filter Include="Header Files">
      <UniqueIdentifier>{8979bbb4-e2a9-4fab-8f82-ed203f311266}</UniqueIdentifier>
    </Filter>
    <Filter Include="Source Files">
      <UniqueIdentifier>{44da83c8-e853-4e94-815b-d4365fe9be5a}</UniqueIdentifier>
    </Filter>
  </ItemGroup>
</Project>