<?xml version="1.0" encoding="utf-8"?>
<Project ToolsVersion="4.0" xmlns="http://schemas.microsoft.com/developer/msbuild/2003">
  <ItemGroup>
    <ClCompile Include="src\connection.cpp">
      <Filter>Source Files</Filter>
    </ClCompile>
    <ClCompile Include="src\io_service_pool.cpp">
      <Filter>Source Files</Filter>
    </ClCompile>
    <ClCompile Include="src\login_moudle.cpp">
      <Filter>Source Files</Filter>
    </ClCompile>
    <ClCompile Include="src\main.cpp">
      <Filter>Source Files</Filter>
    </ClCompile>
    <ClCompile Include="src\server.cpp">
      <Filter>Source Files</Filter>
    </ClCompile>
    <ClCompile Include="src\packet_forward.cpp">
      <Filter>Source Files</Filter>
    </ClCompile>
    <ClCompile Include="proto\message.pb.cc">
      <Filter>proto</Filter>
    </ClCompile>
    <ClCompile Include="proto\user.pb.cc">
      <Filter>proto</Filter>
    </ClCompile>
    <ClCompile Include="proto\address.pb.cc">
      <Filter>proto</Filter>
    </ClCompile>
    <ClCompile Include="proto\im.pb.cc">
      <Filter>proto</Filter>
    </ClCompile>
    <ClCompile Include="src\database.cpp">
      <Filter>Source Files</Filter>
    </ClCompile>
    <ClCompile Include="src\root_ca.cpp">
      <Filter>Source Files</Filter>
    </ClCompile>
    <ClCompile Include="src\register_moudle.cpp">
      <Filter>Source Files</Filter>
    </ClCompile>
  </ItemGroup>
  <ItemGroup>
    <ClInclude Include="include\connection.hpp">
      <Filter>Header Files</Filter>
    </ClInclude>
    <ClInclude Include="include\io_service_pool.hpp">
      <Filter>Header Files</Filter>
    </ClInclude>
    <ClInclude Include="include\login_moudle.hpp">
      <Filter>Header Files</Filter>
    </ClInclude>
    <ClInclude Include="include\serialization.hpp">
      <Filter>Header Files</Filter>
    </ClInclude>
    <ClInclude Include="include\server.hpp">
      <Filter>Header Files</Filter>
    </ClInclude>
    <ClInclude Include="include\logging.hpp">
      <Filter>Header Files</Filter>
    </ClInclude>
    <ClInclude Include="include\packet_forward.hpp">
      <Filter>Header Files</Filter>
    </ClInclude>
    <ClInclude Include="proto\message.pb.h">
      <Filter>proto</Filter>
    </ClInclude>
    <ClInclude Include="proto\user.pb.h">
      <Filter>proto</Filter>
    </ClInclude>
    <ClInclude Include="proto\address.pb.h">
      <Filter>proto</Filter>
    </ClInclude>
    <ClInclude Include="proto\im.pb.h">
      <Filter>proto</Filter>
    </ClInclude>
    <ClInclude Include="include\database.hpp">
      <Filter>Header Files</Filter>
    </ClInclude>
    <ClInclude Include="include\register_moudle.hpp">
      <Filter>Header Files</Filter>
    </ClInclude>
  </ItemGroup>
  <ItemGroup>
    <Filter Include="Header Files">
      <UniqueIdentifier>{8979bbb4-e2a9-4fab-8f82-ed203f311266}</UniqueIdentifier>
    </Filter>
    <Filter Include="Source Files">
      <UniqueIdentifier>{44da83c8-e853-4e94-815b-d4365fe9be5a}</UniqueIdentifier>
    </Filter>
    <Filter Include="proto">
      <UniqueIdentifier>{aeb4fbc2-ad34-43d3-8df5-862aa18fba1b}</UniqueIdentifier>
    </Filter>
  </ItemGroup>
</Project>